
Microsoft Visual Studio Solution File, Format Version 12.00
# Visual Studio 15
VisualStudioVersion = 15.0.28307.102
MinimumVisualStudioVersion = 10.0.40219.1
Project("{8BC9CEB8-8B4A-11D0-8D11-00A0C91BC942}") = "Homework 20.01.2019", "Homework 20.01.2019\Homework 20.01.2019.vcxproj", "{BCDCC502-688B-49E2-8DA2-97E09BCB72C4}"
EndProject
Global
	GlobalSection(SolutionConfigurationPlatforms) = preSolution
		Debug|x64 = Debug|x64
		Debug|x86 = Debug|x86
		Release|x64 = Release|x64
		Release|x86 = Release|x86
	EndGlobalSection
	GlobalSection(ProjectConfigurationPlatforms) = postSolution
		{BCDCC502-688B-49E2-8DA2-97E09BCB72C4}.Debug|x64.ActiveCfg = Debug|x64
		{BCDCC502-688B-49E2-8DA2-97E09BCB72C4}.Debug|x64.Build.0 = Debug|x64
		{BCDCC502-688B-49E2-8DA2-97E09BCB72C4}.Debug|x86.ActiveCfg = Debug|Win32
		{BCDCC502-688B-49E2-8DA2-97E09BCB72C4}.Debug|x86.Build.0 = Debug|Win32
		{BCDCC502-688B-49E2-8DA2-97E09BCB72C4}.Release|x64.ActiveCfg = Release|x64
		{BCDCC502-688B-49E2-8DA2-97E09BCB72C4}.Release|x64.Build.0 = Release|x64
		{BCDCC502-688B-49E2-8DA2-97E09BCB72C4}.Release|x86.ActiveCfg = Release|Win32
		{BCDCC502-688B-49E2-8DA2-97E09BCB72C4}.Release|x86.Build.0 = Release|Win32
	EndGlobalSection
	GlobalSection(SolutionProperties) = preSolution
		HideSolutionNode = FALSE
	EndGlobalSection
	GlobalSection(ExtensibilityGlobals) = postSolution
		SolutionGuid = {B6BEB780-6CBE-47B7-A2D9-1B8E54D3846D}
	EndGlobalSection
EndGlobal
